// !$*UTF8*$!
{
	archiveVersion = 1;
	classes = {
	};
	objectVersion = 46;
	objects = {

/* Begin PBXBuildFile section */
		2BB0268D1DEFE783005189FF /* AppDelegate.swift in Sources */ = {isa = PBXBuildFile; fileRef = 2BB0268C1DEFE783005189FF /* AppDelegate.swift */; };
		2BB0268F1DEFE783005189FF /* ViewController.swift in Sources */ = {isa = PBXBuildFile; fileRef = 2BB0268E1DEFE783005189FF /* ViewController.swift */; };
		2BB026941DEFE783005189FF /* Assets.xcassets in Resources */ = {isa = PBXBuildFile; fileRef = 2BB026931DEFE783005189FF /* Assets.xcassets */; };
		2BB026971DEFE783005189FF /* LaunchScreen.storyboard in Resources */ = {isa = PBXBuildFile; fileRef = 2BB026951DEFE783005189FF /* LaunchScreen.storyboard */; };
		2BB026A01DF0B811005189FF /* FontAwesome.framework in Frameworks */ = {isa = PBXBuildFile; fileRef = 2BB0269F1DF0B811005189FF /* FontAwesome.framework */; };
		2BB026A31DF0DDA5005189FF /* FLAnimatedImage.framework in Frameworks */ = {isa = PBXBuildFile; fileRef = 2BB026A21DF0DDA5005189FF /* FLAnimatedImage.framework */; };
/* End PBXBuildFile section */

/* Begin PBXFileReference section */
		2BB026891DEFE783005189FF /* doge2048.app */ = {isa = PBXFileReference; explicitFileType = wrapper.application; includeInIndex = 0; path = doge2048.app; sourceTree = BUILT_PRODUCTS_DIR; };
		2BB0268C1DEFE783005189FF /* AppDelegate.swift */ = {isa = PBXFileReference; lastKnownFileType = sourcecode.swift; path = AppDelegate.swift; sourceTree = "<group>"; };
		2BB0268E1DEFE783005189FF /* ViewController.swift */ = {isa = PBXFileReference; lastKnownFileType = sourcecode.swift; path = ViewController.swift; sourceTree = "<group>"; };
		2BB026931DEFE783005189FF /* Assets.xcassets */ = {isa = PBXFileReference; lastKnownFileType = folder.assetcatalog; path = Assets.xcassets; sourceTree = "<group>"; };
		2BB026961DEFE783005189FF /* Base */ = {isa = PBXFileReference; lastKnownFileType = file.storyboard; name = Base; path = Base.lproj/LaunchScreen.storyboard; sourceTree = "<group>"; };
		2BB026981DEFE783005189FF /* Info.plist */ = {isa = PBXFileReference; lastKnownFileType = text.plist.xml; path = Info.plist; sourceTree = "<group>"; };
		2BB0269F1DF0B811005189FF /* FontAwesome.framework */ = {isa = PBXFileReference; lastKnownFileType = wrapper.framework; name = FontAwesome.framework; path = Carthage/Build/iOS/FontAwesome.framework; sourceTree = "<group>"; };
		2BB026A21DF0DDA5005189FF /* FLAnimatedImage.framework */ = {isa = PBXFileReference; lastKnownFileType = wrapper.framework; name = FLAnimatedImage.framework; path = Carthage/Build/iOS/FLAnimatedImage.framework; sourceTree = "<group>"; };
/* End PBXFileReference section */

/* Begin PBXFrameworksBuildPhase section */
		2BB026861DEFE783005189FF /* Frameworks */ = {
			isa = PBXFrameworksBuildPhase;
			buildActionMask = 2147483647;
			files = (
				2BB026A01DF0B811005189FF /* FontAwesome.framework in Frameworks */,
				2BB026A31DF0DDA5005189FF /* FLAnimatedImage.framework in Frameworks */,
			);
			runOnlyForDeploymentPostprocessing = 0;
		};
/* End PBXFrameworksBuildPhase section */

/* Begin PBXGroup section */
		2BB026801DEFE783005189FF = {
			isa = PBXGroup;
			children = (
				2BB0268B1DEFE783005189FF /* doge2048 */,
				2BB0268A1DEFE783005189FF /* Products */,
				2BB0269E1DF0B811005189FF /* Frameworks */,
			);
			sourceTree = "<group>";
		};
		2BB0268A1DEFE783005189FF /* Products */ = {
			isa = PBXGroup;
			children = (
				2BB026891DEFE783005189FF /* doge2048.app */,
			);
			name = Products;
			sourceTree = "<group>";
		};
		2BB0268B1DEFE783005189FF /* doge2048 */ = {
			isa = PBXGroup;
			children = (
				2BB0268C1DEFE783005189FF /* AppDelegate.swift */,
				2BB0268E1DEFE783005189FF /* ViewController.swift */,
				2BB026931DEFE783005189FF /* Assets.xcassets */,
				2BB026951DEFE783005189FF /* LaunchScreen.storyboard */,
				2BB026981DEFE783005189FF /* Info.plist */,
			);
			path = doge2048;
			sourceTree = "<group>";
		};
		2BB0269E1DF0B811005189FF /* Frameworks */ = {
			isa = PBXGroup;
			children = (
				2BB026A21DF0DDA5005189FF /* FLAnimatedImage.framework */,
				2BB0269F1DF0B811005189FF /* FontAwesome.framework */,
			);
			name = Frameworks;
			sourceTree = "<group>";
		};
/* End PBXGroup section */

/* Begin PBXNativeTarget section */
		2BB026881DEFE783005189FF /* doge2048 */ = {
			isa = PBXNativeTarget;
			buildConfigurationList = 2BB0269B1DEFE783005189FF /* Build configuration list for PBXNativeTarget "doge2048" */;
			buildPhases = (
				2BB026851DEFE783005189FF /* Sources */,
				2BB026861DEFE783005189FF /* Frameworks */,
				2BB026871DEFE783005189FF /* Resources */,
				2BB026A11DF0B83E005189FF /* ShellScript */,
			);
			buildRules = (
			);
			dependencies = (
			);
			name = doge2048;
			productName = doge2048;
			productReference = 2BB026891DEFE783005189FF /* doge2048.app */;
			productType = "com.apple.product-type.application";
		};
/* End PBXNativeTarget section */

/* Begin PBXProject section */
		2BB026811DEFE783005189FF /* Project object */ = {
			isa = PBXProject;
			attributes = {
				LastSwiftUpdateCheck = 0810;
				LastUpgradeCheck = 0810;
				ORGANIZATIONNAME = org.cuappdev.doge2048;
				TargetAttributes = {
					2BB026881DEFE783005189FF = {
						CreatedOnToolsVersion = 8.1;
						ProvisioningStyle = Automatic;
					};
				};
			};
			buildConfigurationList = 2BB026841DEFE783005189FF /* Build configuration list for PBXProject "doge2048" */;
			compatibilityVersion = "Xcode 3.2";
			developmentRegion = English;
			hasScannedForEncodings = 0;
			knownRegions = (
				en,
				Base,
			);
			mainGroup = 2BB026801DEFE783005189FF;
			productRefGroup = 2BB0268A1DEFE783005189FF /* Products */;
			projectDirPath = "";
			projectRoot = "";
			targets = (
				2BB026881DEFE783005189FF /* doge2048 */,
			);
		};
/* End PBXProject section */

/* Begin PBXResourcesBuildPhase section */
		2BB026871DEFE783005189FF /* Resources */ = {
			isa = PBXResourcesBuildPhase;
			buildActionMask = 2147483647;
			files = (
				2BB026971DEFE783005189FF /* LaunchScreen.storyboard in Resources */,
				2BB026941DEFE783005189FF /* Assets.xcassets in Resources */,
			);
			runOnlyForDeploymentPostprocessing = 0;
		};
/* End PBXResourcesBuildPhase section */

/* Begin PBXShellScriptBuildPhase section */
		2BB026A11DF0B83E005189FF /* ShellScript */ = {
			isa = PBXShellScriptBuildPhase;
			buildActionMask = 2147483647;
			files = (
			);
			inputPaths = (
				"$(SRCROOT)/Carthage/Build/iOS/FontAwesome.framework",
				"$(SRCROOT)/Carthage/Build/iOS/FLAnimatedImage.framework",
			);
			outputPaths = (
			);
			runOnlyForDeploymentPostprocessing = 0;
			shellPath = /bin/sh;
			shellScript = "/usr/local/bin/carthage copy-frameworks";
		};
/* End PBXShellScriptBuildPhase section */

/* Begin PBXSourcesBuildPhase section */
		2BB026851DEFE783005189FF /* Sources */ = {
			isa = PBXSourcesBuildPhase;
			buildActionMask = 2147483647;
			files = (
				2BB0268F1DEFE783005189FF /* ViewController.swift in Sources */,
				2BB0268D1DEFE783005189FF /* AppDelegate.swift in Sources */,
			);
			runOnlyForDeploymentPostprocessing = 0;
		};
/* End PBXSourcesBuildPhase section */

/* Begin PBXVariantGroup section */
		2BB026951DEFE783005189FF /* LaunchScreen.storyboard */ = {
			isa = PBXVariantGroup;
			children = (
				2BB026961DEFE783005189FF /* Base */,
			);
			name = LaunchScreen.storyboard;
			sourceTree = "<group>";
		};
/* End PBXVariantGroup section */

/* Begin XCBuildConfiguration section */
		2BB026991DEFE783005189FF /* Debug */ = {
			isa = XCBuildConfiguration;
			buildSettings = {
				ALWAYS_SEARCH_USER_PATHS = NO;
				CLANG_ANALYZER_NONNULL = YES;
				CLANG_CXX_LANGUAGE_STANDARD = "gnu++0x";
				CLANG_CXX_LIBRARY = "libc++";
				CLANG_ENABLE_MODULES = YES;
				CLANG_ENABLE_OBJC_ARC = YES;
				CLANG_WARN_BOOL_CONVERSION = YES;
				CLANG_WARN_CONSTANT_CONVERSION = YES;
				CLANG_WARN_DIRECT_OBJC_ISA_USAGE = YES_ERROR;
				CLANG_WARN_DOCUMENTATION_COMMENTS = YES;
				CLANG_WARN_EMPTY_BODY = YES;
				CLANG_WARN_ENUM_CONVERSION = YES;
				CLANG_WARN_INFINITE_RECURSION = YES;
				CLANG_WARN_INT_CONVERSION = YES;
				CLANG_WARN_OBJC_ROOT_CLASS = YES_ERROR;
				CLANG_WARN_SUSPICIOUS_MOVES = YES;
				CLANG_WARN_UNREACHABLE_CODE = YES;
				CLANG_WARN__DUPLICATE_METHOD_MATCH = YES;
				"CODE_SIGN_IDENTITY[sdk=iphoneos*]" = "iPhone Developer";
				COPY_PHASE_STRIP = NO;
				DEBUG_INFORMATION_FORMAT = dwarf;
				ENABLE_STRICT_OBJC_MSGSEND = YES;
				ENABLE_TESTABILITY = YES;
				GCC_C_LANGUAGE_STANDARD = gnu99;
				GCC_DYNAMIC_NO_PIC = NO;
				GCC_NO_COMMON_BLOCKS = YES;
				GCC_OPTIMIZATION_LEVEL = 0;
				GCC_PREPROCESSOR_DEFINITIONS = (
					"DEBUG=1",
					"$(inherited)",
				);
				GCC_WARN_64_TO_32_BIT_CONVERSION = YES;
				GCC_WARN_ABOUT_RETURN_TYPE = YES_ERROR;
				GCC_WARN_UNDECLARED_SELECTOR = YES;
				GCC_WARN_UNINITIALIZED_AUTOS = YES_AGGRESSIVE;
				GCC_WARN_UNUSED_FUNCTION = YES;
				GCC_WARN_UNUSED_VARIABLE = YES;
				IPHONEOS_DEPLOYMENT_TARGET = 10.1;
				MTL_ENABLE_DEBUG_INFO = YES;
				ONLY_ACTIVE_ARCH = YES;
				SDKROOT = iphoneos;
				SWIFT_ACTIVE_COMPILATION_CONDITIONS = DEBUG;
				SWIFT_OPTIMIZATION_LEVEL = "-Onone";
			};
			name = Debug;
		};
		2BB0269A1DEFE783005189FF /* Release */ = {
			isa = XCBuildConfiguration;
			buildSettings = {
				ALWAYS_SEARCH_USER_PATHS = NO;
				CLANG_ANALYZER_NONNULL = YES;
				CLANG_CXX_LANGUAGE_STANDARD = "gnu++0x";
				CLANG_CXX_LIBRARY = "libc++";
				CLANG_ENABLE_MODULES = YES;
				CLANG_ENABLE_OBJC_ARC = YES;
				CLANG_WARN_BOOL_CONVERSION = YES;
				CLANG_WARN_CONSTANT_CONVERSION = YES;
				CLANG_WARN_DIRECT_OBJC_ISA_USAGE = YES_ERROR;
				CLANG_WARN_DOCUMENTATION_COMMENTS = YES;
				CLANG_WARN_EMPTY_BODY = YES;
				CLANG_WARN_ENUM_CONVERSION = YES;
				CLANG_WARN_INFINITE_RECURSION = YES;
				CLANG_WARN_INT_CONVERSION = YES;
				CLANG_WARN_OBJC_ROOT_CLASS = YES_ERROR;
				CLANG_WARN_SUSPICIOUS_MOVES = YES;
				CLANG_WARN_UNREACHABLE_CODE = YES;
				CLANG_WARN__DUPLICATE_METHOD_MATCH = YES;
				"CODE_SIGN_IDENTITY[sdk=iphoneos*]" = "iPhone Developer";
				COPY_PHASE_STRIP = NO;
				DEBUG_INFORMATION_FORMAT = "dwarf-with-dsym";
				ENABLE_NS_ASSERTIONS = NO;
				ENABLE_STRICT_OBJC_MSGSEND = YES;
				GCC_C_LANGUAGE_STANDARD = gnu99;
				GCC_NO_COMMON_BLOCKS = YES;
				GCC_WARN_64_TO_32_BIT_CONVERSION = YES;
				GCC_WARN_ABOUT_RETURN_TYPE = YES_ERROR;
				GCC_WARN_UNDECLARED_SELECTOR = YES;
				GCC_WARN_UNINITIALIZED_AUTOS = YES_AGGRESSIVE;
				GCC_WARN_UNUSED_FUNCTION = YES;
				GCC_WARN_UNUSED_VARIABLE = YES;
				IPHONEOS_DEPLOYMENT_TARGET = 10.1;
				MTL_ENABLE_DEBUG_INFO = NO;
				SDKROOT = iphoneos;
				SWIFT_OPTIMIZATION_LEVEL = "-Owholemodule";
				VALIDATE_PRODUCT = YES;
			};
			name = Release;
		};
		2BB0269C1DEFE783005189FF /* Debug */ = {
			isa = XCBuildConfiguration;
			buildSettings = {
				ASSETCATALOG_COMPILER_APPICON_NAME = AppIcon;
				FRAMEWORK_SEARCH_PATHS = (
					"$(inherited)",
					"$(PROJECT_DIR)/Carthage/Build/iOS",
				);
				INFOPLIST_FILE = doge2048/Info.plist;
				LD_RUNPATH_SEARCH_PATHS = "$(inherited) @executable_path/Frameworks";
				PRODUCT_BUNDLE_IDENTIFIER = CUAppDev.doge2048;
				PRODUCT_NAME = "$(TARGET_NAME)";
				SWIFT_VERSION = 3.0;
			};
			name = Debug;
		};
		2BB0269D1DEFE783005189FF /* Release */ = {
			isa = XCBuildConfiguration;
			buildSettings = {
				ASSETCATALOG_COMPILER_APPICON_NAME = AppIcon;
				FRAMEWORK_SEARCH_PATHS = (
					"$(inherited)",
					"$(PROJECT_DIR)/Carthage/Build/iOS",
				);
				INFOPLIST_FILE = doge2048/Info.plist;
				LD_RUNPATH_SEARCH_PATHS = "$(inherited) @executable_path/Frameworks";
				PRODUCT_BUNDLE_IDENTIFIER = CUAppDev.doge2048;
				PRODUCT_NAME = "$(TARGET_NAME)";
				SWIFT_VERSION = 3.0;
			};
			name = Release;
		};
/* End XCBuildConfiguration section */

/* Begin XCConfigurationList section */
		2BB026841DEFE783005189FF /* Build configuration list for PBXProject "doge2048" */ = {
			isa = XCConfigurationList;
			buildConfigurations = (
				2BB026991DEFE783005189FF /* Debug */,
				2BB0269A1DEFE783005189FF /* Release */,
			);
			defaultConfigurationIsVisible = 0;
			defaultConfigurationName = Release;
		};
		2BB0269B1DEFE783005189FF /* Build configuration list for PBXNativeTarget "doge2048" */ = {
			isa = XCConfigurationList;
			buildConfigurations = (
				2BB0269C1DEFE783005189FF /* Debug */,
				2BB0269D1DEFE783005189FF /* Release */,
			);
			defaultConfigurationIsVisible = 0;
		};
/* End XCConfigurationList section */
	};
	rootObject = 2BB026811DEFE783005189FF /* Project object */;
}
